// !$*UTF8*$!
{
	archiveVersion = 1;
	classes = {
	};
	objectVersion = 77;
	objects = {

/* Begin PBXContainerItemProxy section */
		B725AF752D5FF671002CA238 /* PBXContainerItemProxy */ = {
			isa = PBXContainerItemProxy;
			containerPortal = B725AF532D5FF66E002CA238 /* Project object */;
			proxyType = 1;
			remoteGlobalIDString = B725AF5A2D5FF66E002CA238;
			remoteInfo = FruitMerge;
		};
		B725AF7F2D5FF671002CA238 /* PBXContainerItemProxy */ = {
			isa = PBXContainerItemProxy;
			containerPortal = B725AF532D5FF66E002CA238 /* Project object */;
			proxyType = 1;
			remoteGlobalIDString = B725AF5A2D5FF66E002CA238;
			remoteInfo = FruitMerge;
		};
/* End PBXContainerItemProxy section */

/* Begin PBXFileReference section */
		B725AF5B2D5FF66E002CA238 /* FruitMerge.app */ = {isa = PBXFileReference; explicitFileType = wrapper.application; includeInIndex = 0; path = FruitMerge.app; sourceTree = BUILT_PRODUCTS_DIR; };
		B725AF742D5FF671002CA238 /* FruitMergeTests.xctest */ = {isa = PBXFileReference; explicitFileType = wrapper.cfbundle; includeInIndex = 0; path = FruitMergeTests.xctest; sourceTree = BUILT_PRODUCTS_DIR; };
		B725AF7E2D5FF671002CA238 /* FruitMergeUITests.xctest */ = {isa = PBXFileReference; explicitFileType = wrapper.cfbundle; includeInIndex = 0; path = FruitMergeUITests.xctest; sourceTree = BUILT_PRODUCTS_DIR; };
/* End PBXFileReference section */

/* Begin PBXFileSystemSynchronizedRootGroup section */
		B725AF5D2D5FF66E002CA238 /* FruitMerge */ = {
			isa = PBXFileSystemSynchronizedRootGroup;
			path = FruitMerge;
			sourceTree = "<group>";
		};
		B725AF772D5FF671002CA238 /* FruitMergeTests */ = {
			isa = PBXFileSystemSynchronizedRootGroup;
			path = FruitMergeTests;
			sourceTree = "<group>";
		};
		B725AF812D5FF671002CA238 /* FruitMergeUITests */ = {
			isa = PBXFileSystemSynchronizedRootGroup;
			path = FruitMergeUITests;
			sourceTree = "<group>";
		};
/* End PBXFileSystemSynchronizedRootGroup section */

/* Begin PBXFrameworksBuildPhase section */
		B725AF582D5FF66E002CA238 /* Frameworks */ = {
			isa = PBXFrameworksBuildPhase;
			buildActionMask = 2147483647;
			files = (
			);
			runOnlyForDeploymentPostprocessing = 0;
		};
		B725AF712D5FF671002CA238 /* Frameworks */ = {
			isa = PBXFrameworksBuildPhase;
			buildActionMask = 2147483647;
			files = (
			);
			runOnlyForDeploymentPostprocessing = 0;
		};
		B725AF7B2D5FF671002CA238 /* Frameworks */ = {
			isa = PBXFrameworksBuildPhase;
			buildActionMask = 2147483647;
			files = (
			);
			runOnlyForDeploymentPostprocessing = 0;
		};
/* End PBXFrameworksBuildPhase section */

/* Begin PBXGroup section */
		B725AF522D5FF66E002CA238 = {
			isa = PBXGroup;
			children = (
				B725AF5D2D5FF66E002CA238 /* FruitMerge */,
				B725AF772D5FF671002CA238 /* FruitMergeTests */,
				B725AF812D5FF671002CA238 /* FruitMergeUITests */,
				B725AF5C2D5FF66E002CA238 /* Products */,
			);
			sourceTree = "<group>";
		};
		B725AF5C2D5FF66E002CA238 /* Products */ = {
			isa = PBXGroup;
			children = (
				B725AF5B2D5FF66E002CA238 /* FruitMerge.app */,
				B725AF742D5FF671002CA238 /* FruitMergeTests.xctest */,
				B725AF7E2D5FF671002CA238 /* FruitMergeUITests.xctest */,
			);
			name = Products;
			sourceTree = "<group>";
		};
/* End PBXGroup section */

/* Begin PBXNativeTarget section */
		B725AF5A2D5FF66E002CA238 /* FruitMerge */ = {
			isa = PBXNativeTarget;
			buildConfigurationList = B725AF882D5FF671002CA238 /* Build configuration list for PBXNativeTarget "FruitMerge" */;
			buildPhases = (
				B725AF572D5FF66E002CA238 /* Sources */,
				B725AF582D5FF66E002CA238 /* Frameworks */,
				B725AF592D5FF66E002CA238 /* Resources */,
			);
			buildRules = (
			);
			dependencies = (
			);
			fileSystemSynchronizedGroups = (
				B725AF5D2D5FF66E002CA238 /* FruitMerge */,
			);
			name = FruitMerge;
			packageProductDependencies = (
			);
			productName = FruitMerge;
			productReference = B725AF5B2D5FF66E002CA238 /* FruitMerge.app */;
			productType = "com.apple.product-type.application";
		};
		B725AF732D5FF671002CA238 /* FruitMergeTests */ = {
			isa = PBXNativeTarget;
			buildConfigurationList = B725AF8B2D5FF671002CA238 /* Build configuration list for PBXNativeTarget "FruitMergeTests" */;
			buildPhases = (
				B725AF702D5FF671002CA238 /* Sources */,
				B725AF712D5FF671002CA238 /* Frameworks */,
				B725AF722D5FF671002CA238 /* Resources */,
			);
			buildRules = (
			);
			dependencies = (
				B725AF762D5FF671002CA238 /* PBXTargetDependency */,
			);
			fileSystemSynchronizedGroups = (
				B725AF772D5FF671002CA238 /* FruitMergeTests */,
			);
			name = FruitMergeTests;
			packageProductDependencies = (
			);
			productName = FruitMergeTests;
			productReference = B725AF742D5FF671002CA238 /* FruitMergeTests.xctest */;
			productType = "com.apple.product-type.bundle.unit-test";
		};
		B725AF7D2D5FF671002CA238 /* FruitMergeUITests */ = {
			isa = PBXNativeTarget;
			buildConfigurationList = B725AF8E2D5FF671002CA238 /* Build configuration list for PBXNativeTarget "FruitMergeUITests" */;
			buildPhases = (
				B725AF7A2D5FF671002CA238 /* Sources */,
				B725AF7B2D5FF671002CA238 /* Frameworks */,
				B725AF7C2D5FF671002CA238 /* Resources */,
			);
			buildRules = (
			);
			dependencies = (
				B725AF802D5FF671002CA238 /* PBXTargetDependency */,
			);
			fileSystemSynchronizedGroups = (
				B725AF812D5FF671002CA238 /* FruitMergeUITests */,
			);
			name = FruitMergeUITests;
			packageProductDependencies = (
			);
			productName = FruitMergeUITests;
			productReference = B725AF7E2D5FF671002CA238 /* FruitMergeUITests.xctest */;
			productType = "com.apple.product-type.bundle.ui-testing";
		};
/* End PBXNativeTarget section */

/* Begin PBXProject section */
		B725AF532D5FF66E002CA238 /* Project object */ = {
			isa = PBXProject;
			attributes = {
				BuildIndependentTargetsInParallel = 1;
				LastSwiftUpdateCheck = 1620;
				LastUpgradeCheck = 1620;
				TargetAttributes = {
					B725AF5A2D5FF66E002CA238 = {
						CreatedOnToolsVersion = 16.2;
					};
					B725AF732D5FF671002CA238 = {
						CreatedOnToolsVersion = 16.2;
						TestTargetID = B725AF5A2D5FF66E002CA238;
					};
					B725AF7D2D5FF671002CA238 = {
						CreatedOnToolsVersion = 16.2;
						TestTargetID = B725AF5A2D5FF66E002CA238;
					};
				};
			};
			buildConfigurationList = B725AF562D5FF66E002CA238 /* Build configuration list for PBXProject "FruitMerge" */;
			developmentRegion = en;
			hasScannedForEncodings = 0;
			knownRegions = (
				en,
				Base,
			);
			mainGroup = B725AF522D5FF66E002CA238;
			minimizedProjectReferenceProxies = 1;
			preferredProjectObjectVersion = 77;
			productRefGroup = B725AF5C2D5FF66E002CA238 /* Products */;
			projectDirPath = "";
			projectRoot = "";
			targets = (
				B725AF5A2D5FF66E002CA238 /* FruitMerge */,
				B725AF732D5FF671002CA238 /* FruitMergeTests */,
				B725AF7D2D5FF671002CA238 /* FruitMergeUITests */,
			);
		};
/* End PBXProject section */

/* Begin PBXResourcesBuildPhase section */
		B725AF592D5FF66E002CA238 /* Resources */ = {
			isa = PBXResourcesBuildPhase;
			buildActionMask = 2147483647;
			files = (
			);
			runOnlyForDeploymentPostprocessing = 0;
		};
		B725AF722D5FF671002CA238 /* Resources */ = {
			isa = PBXResourcesBuildPhase;
			buildActionMask = 2147483647;
			files = (
			);
			runOnlyForDeploymentPostprocessing = 0;
		};
		B725AF7C2D5FF671002CA238 /* Resources */ = {
			isa = PBXResourcesBuildPhase;
			buildActionMask = 2147483647;
			files = (
			);
			runOnlyForDeploymentPostprocessing = 0;
		};
/* End PBXResourcesBuildPhase section */

/* Begin PBXSourcesBuildPhase section */
		B725AF572D5FF66E002CA238 /* Sources */ = {
			isa = PBXSourcesBuildPhase;
			buildActionMask = 2147483647;
			files = (
			);
			runOnlyForDeploymentPostprocessing = 0;
		};
		B725AF702D5FF671002CA238 /* Sources */ = {
			isa = PBXSourcesBuildPhase;
			buildActionMask = 2147483647;
			files = (
			);
			runOnlyForDeploymentPostprocessing = 0;
		};
		B725AF7A2D5FF671002CA238 /* Sources */ = {
			isa = PBXSourcesBuildPhase;
			buildActionMask = 2147483647;
			files = (
			);
			runOnlyForDeploymentPostprocessing = 0;
		};
/* End PBXSourcesBuildPhase section */

/* Begin PBXTargetDependency section */
		B725AF762D5FF671002CA238 /* PBXTargetDependency */ = {
			isa = PBXTargetDependency;
			target = B725AF5A2D5FF66E002CA238 /* FruitMerge */;
			targetProxy = B725AF752D5FF671002CA238 /* PBXContainerItemProxy */;
		};
		B725AF802D5FF671002CA238 /* PBXTargetDependency */ = {
			isa = PBXTargetDependency;
			target = B725AF5A2D5FF66E002CA238 /* FruitMerge */;
			targetProxy = B725AF7F2D5FF671002CA238 /* PBXContainerItemProxy */;
		};
/* End PBXTargetDependency section */

/* Begin XCBuildConfiguration section */
		B725AF862D5FF671002CA238 /* Debug */ = {
			isa = XCBuildConfiguration;
			buildSettings = {
				ALWAYS_SEARCH_USER_PATHS = NO;
				ASSETCATALOG_COMPILER_GENERATE_SWIFT_ASSET_SYMBOL_EXTENSIONS = YES;
				CLANG_ANALYZER_NONNULL = YES;
				CLANG_ANALYZER_NUMBER_OBJECT_CONVERSION = YES_AGGRESSIVE;
				CLANG_CXX_LANGUAGE_STANDARD = "gnu++20";
				CLANG_ENABLE_MODULES = YES;
				CLANG_ENABLE_OBJC_ARC = YES;
				CLANG_ENABLE_OBJC_WEAK = YES;
				CLANG_WARN_BLOCK_CAPTURE_AUTORELEASING = YES;
				CLANG_WARN_BOOL_CONVERSION = YES;
				CLANG_WARN_COMMA = YES;
				CLANG_WARN_CONSTANT_CONVERSION = YES;
				CLANG_WARN_DEPRECATED_OBJC_IMPLEMENTATIONS = YES;
				CLANG_WARN_DIRECT_OBJC_ISA_USAGE = YES_ERROR;
				CLANG_WARN_DOCUMENTATION_COMMENTS = YES;
				CLANG_WARN_EMPTY_BODY = YES;
				CLANG_WARN_ENUM_CONVERSION = YES;
				CLANG_WARN_INFINITE_RECURSION = YES;
				CLANG_WARN_INT_CONVERSION = YES;
				CLANG_WARN_NON_LITERAL_NULL_CONVERSION = YES;
				CLANG_WARN_OBJC_IMPLICIT_RETAIN_SELF = YES;
				CLANG_WARN_OBJC_LITERAL_CONVERSION = YES;
				CLANG_WARN_OBJC_ROOT_CLASS = YES_ERROR;
				CLANG_WARN_QUOTED_INCLUDE_IN_FRAMEWORK_HEADER = YES;
				CLANG_WARN_RANGE_LOOP_ANALYSIS = YES;
				CLANG_WARN_STRICT_PROTOTYPES = YES;
				CLANG_WARN_SUSPICIOUS_MOVE = YES;
				CLANG_WARN_UNGUARDED_AVAILABILITY = YES_AGGRESSIVE;
				CLANG_WARN_UNREACHABLE_CODE = YES;
				CLANG_WARN__DUPLICATE_METHOD_MATCH = YES;
				COPY_PHASE_STRIP = NO;
				DEBUG_INFORMATION_FORMAT = dwarf;
				ENABLE_STRICT_OBJC_MSGSEND = YES;
				ENABLE_TESTABILITY = YES;
				ENABLE_USER_SCRIPT_SANDBOXING = YES;
				GCC_C_LANGUAGE_STANDARD = gnu17;
				GCC_DYNAMIC_NO_PIC = NO;
				GCC_NO_COMMON_BLOCKS = YES;
				GCC_OPTIMIZATION_LEVEL = 0;
				GCC_PREPROCESSOR_DEFINITIONS = (
					"DEBUG=1",
					"$(inherited)",
				);
				GCC_WARN_64_TO_32_BIT_CONVERSION = YES;
				GCC_WARN_ABOUT_RETURN_TYPE = YES_ERROR;
				GCC_WARN_UNDECLARED_SELECTOR = YES;
				GCC_WARN_UNINITIALIZED_AUTOS = YES_AGGRESSIVE;
				GCC_WARN_UNUSED_FUNCTION = YES;
				GCC_WARN_UNUSED_VARIABLE = YES;
				IPHONEOS_DEPLOYMENT_TARGET = 18.2;
				LOCALIZATION_PREFERS_STRING_CATALOGS = YES;
				MTL_ENABLE_DEBUG_INFO = INCLUDE_SOURCE;
				MTL_FAST_MATH = YES;
				ONLY_ACTIVE_ARCH = YES;
				SDKROOT = iphoneos;
				SWIFT_ACTIVE_COMPILATION_CONDITIONS = "DEBUG $(inherited)";
				SWIFT_OPTIMIZATION_LEVEL = "-Onone";
			};
			name = Debug;
		};
		B725AF872D5FF671002CA238 /* Release */ = {
			isa = XCBuildConfiguration;
			buildSettings = {
				ALWAYS_SEARCH_USER_PATHS = NO;
				ASSETCATALOG_COMPILER_GENERATE_SWIFT_ASSET_SYMBOL_EXTENSIONS = YES;
				CLANG_ANALYZER_NONNULL = YES;
				CLANG_ANALYZER_NUMBER_OBJECT_CONVERSION = YES_AGGRESSIVE;
				CLANG_CXX_LANGUAGE_STANDARD = "gnu++20";
				CLANG_ENABLE_MODULES = YES;
				CLANG_ENABLE_OBJC_ARC = YES;
				CLANG_ENABLE_OBJC_WEAK = YES;
				CLANG_WARN_BLOCK_CAPTURE_AUTORELEASING = YES;
				CLANG_WARN_BOOL_CONVERSION = YES;
				CLANG_WARN_COMMA = YES;
				CLANG_WARN_CONSTANT_CONVERSION = YES;
				CLANG_WARN_DEPRECATED_OBJC_IMPLEMENTATIONS = YES;
				CLANG_WARN_DIRECT_OBJC_ISA_USAGE = YES_ERROR;
				CLANG_WARN_DOCUMENTATION_COMMENTS = YES;
				CLANG_WARN_EMPTY_BODY = YES;
				CLANG_WARN_ENUM_CONVERSION = YES;
				CLANG_WARN_INFINITE_RECURSION = YES;
				CLANG_WARN_INT_CONVERSION = YES;
				CLANG_WARN_NON_LITERAL_NULL_CONVERSION = YES;
				CLANG_WARN_OBJC_IMPLICIT_RETAIN_SELF = YES;
				CLANG_WARN_OBJC_LITERAL_CONVERSION = YES;
				CLANG_WARN_OBJC_ROOT_CLASS = YES_ERROR;
				CLANG_WARN_QUOTED_INCLUDE_IN_FRAMEWORK_HEADER = YES;
				CLANG_WARN_RANGE_LOOP_ANALYSIS = YES;
				CLANG_WARN_STRICT_PROTOTYPES = YES;
				CLANG_WARN_SUSPICIOUS_MOVE = YES;
				CLANG_WARN_UNGUARDED_AVAILABILITY = YES_AGGRESSIVE;
				CLANG_WARN_UNREACHABLE_CODE = YES;
				CLANG_WARN__DUPLICATE_METHOD_MATCH = YES;
				COPY_PHASE_STRIP = NO;
				DEBUG_INFORMATION_FORMAT = "dwarf-with-dsym";
				ENABLE_NS_ASSERTIONS = NO;
				ENABLE_STRICT_OBJC_MSGSEND = YES;
				ENABLE_USER_SCRIPT_SANDBOXING = YES;
				GCC_C_LANGUAGE_STANDARD = gnu17;
				GCC_NO_COMMON_BLOCKS = YES;
				GCC_WARN_64_TO_32_BIT_CONVERSION = YES;
				GCC_WARN_ABOUT_RETURN_TYPE = YES_ERROR;
				GCC_WARN_UNDECLARED_SELECTOR = YES;
				GCC_WARN_UNINITIALIZED_AUTOS = YES_AGGRESSIVE;
				GCC_WARN_UNUSED_FUNCTION = YES;
				GCC_WARN_UNUSED_VARIABLE = YES;
				IPHONEOS_DEPLOYMENT_TARGET = 18.2;
				LOCALIZATION_PREFERS_STRING_CATALOGS = YES;
				MTL_ENABLE_DEBUG_INFO = NO;
				MTL_FAST_MATH = YES;
				SDKROOT = iphoneos;
				SWIFT_COMPILATION_MODE = wholemodule;
				VALIDATE_PRODUCT = YES;
			};
			name = Release;
		};
		B725AF892D5FF671002CA238 /* Debug */ = {
			isa = XCBuildConfiguration;
			buildSettings = {
				ASSETCATALOG_COMPILER_APPICON_NAME = AppIcon;
				ASSETCATALOG_COMPILER_GLOBAL_ACCENT_COLOR_NAME = AccentColor;
				CODE_SIGN_STYLE = Automatic;
				CURRENT_PROJECT_VERSION = 1;
				GENERATE_INFOPLIST_FILE = YES;
				INFOPLIST_KEY_UIApplicationSupportsIndirectInputEvents = YES;
				INFOPLIST_KEY_UILaunchStoryboardName = LaunchScreen;
				INFOPLIST_KEY_UIMainStoryboardFile = Main;
				INFOPLIST_KEY_UIStatusBarHidden = YES;
				INFOPLIST_KEY_UISupportedInterfaceOrientations = UIInterfaceOrientationPortrait;
				INFOPLIST_KEY_UISupportedInterfaceOrientations_iPad = "UIInterfaceOrientationPortrait UIInterfaceOrientationPortraitUpsideDown";
				LD_RUNPATH_SEARCH_PATHS = (
					"$(inherited)",
					"@executable_path/Frameworks",
				);
				MARKETING_VERSION = 1.0;
				PRODUCT_BUNDLE_IDENTIFIER = codedance.com.au.FruitMerge;
				PRODUCT_NAME = "$(TARGET_NAME)";
				SWIFT_EMIT_LOC_STRINGS = YES;
				SWIFT_VERSION = 5.0;
				TARGETED_DEVICE_FAMILY = "1,2";
			};
			name = Debug;
		};
		B725AF8A2D5FF671002CA238 /* Release */ = {
			isa = XCBuildConfiguration;
			buildSettings = {
				ASSETCATALOG_COMPILER_APPICON_NAME = AppIcon;
				ASSETCATALOG_COMPILER_GLOBAL_ACCENT_COLOR_NAME = AccentColor;
				CODE_SIGN_STYLE = Automatic;
				CURRENT_PROJECT_VERSION = 1;
				GENERATE_INFOPLIST_FILE = YES;
				INFOPLIST_KEY_UIApplicationSupportsIndirectInputEvents = YES;
				INFOPLIST_KEY_UILaunchStoryboardName = LaunchScreen;
				INFOPLIST_KEY_UIMainStoryboardFile = Main;
				INFOPLIST_KEY_UIStatusBarHidden = YES;
				INFOPLIST_KEY_UISupportedInterfaceOrientations = UIInterfaceOrientationPortrait;
				INFOPLIST_KEY_UISupportedInterfaceOrientations_iPad = "UIInterfaceOrientationPortrait UIInterfaceOrientationPortraitUpsideDown";
				LD_RUNPATH_SEARCH_PATHS = (
					"$(inherited)",
					"@executable_path/Frameworks",
				);
				MARKETING_VERSION = 1.0;
				PRODUCT_BUNDLE_IDENTIFIER = codedance.com.au.FruitMerge;
				PRODUCT_NAME = "$(TARGET_NAME)";
				SWIFT_EMIT_LOC_STRINGS = YES;
				SWIFT_VERSION = 5.0;
				TARGETED_DEVICE_FAMILY = "1,2";
			};
			name = Release;
		};
		B725AF8C2D5FF671002CA238 /* Debug */ = {
			isa = XCBuildConfiguration;
			buildSettings = {
				BUNDLE_LOADER = "$(TEST_HOST)";
				CODE_SIGN_STYLE = Automatic;
				CURRENT_PROJECT_VERSION = 1;
				GENERATE_INFOPLIST_FILE = YES;
				IPHONEOS_DEPLOYMENT_TARGET = 18.2;
				MARKETING_VERSION = 1.0;
				PRODUCT_BUNDLE_IDENTIFIER = codedance.com.au.FruitMergeTests;
				PRODUCT_NAME = "$(TARGET_NAME)";
				SWIFT_EMIT_LOC_STRINGS = NO;
				SWIFT_VERSION = 5.0;
				TARGETED_DEVICE_FAMILY = "1,2";
				TEST_HOST = "$(BUILT_PRODUCTS_DIR)/FruitMerge.app/$(BUNDLE_EXECUTABLE_FOLDER_PATH)/FruitMerge";
			};
			name = Debug;
		};
		B725AF8D2D5FF671002CA238 /* Release */ = {
			isa = XCBuildConfiguration;
			buildSettings = {
				BUNDLE_LOADER = "$(TEST_HOST)";
				CODE_SIGN_STYLE = Automatic;
				CURRENT_PROJECT_VERSION = 1;
				GENERATE_INFOPLIST_FILE = YES;
				IPHONEOS_DEPLOYMENT_TARGET = 18.2;
				MARKETING_VERSION = 1.0;
				PRODUCT_BUNDLE_IDENTIFIER = codedance.com.au.FruitMergeTests;
				PRODUCT_NAME = "$(TARGET_NAME)";
				SWIFT_EMIT_LOC_STRINGS = NO;
				SWIFT_VERSION = 5.0;
				TARGETED_DEVICE_FAMILY = "1,2";
				TEST_HOST = "$(BUILT_PRODUCTS_DIR)/FruitMerge.app/$(BUNDLE_EXECUTABLE_FOLDER_PATH)/FruitMerge";
			};
			name = Release;
		};
		B725AF8F2D5FF671002CA238 /* Debug */ = {
			isa = XCBuildConfiguration;
			buildSettings = {
				CODE_SIGN_STYLE = Automatic;
				CURRENT_PROJECT_VERSION = 1;
				GENERATE_INFOPLIST_FILE = YES;
				MARKETING_VERSION = 1.0;
				PRODUCT_BUNDLE_IDENTIFIER = codedance.com.au.FruitMergeUITests;
				PRODUCT_NAME = "$(TARGET_NAME)";
				SWIFT_EMIT_LOC_STRINGS = NO;
				SWIFT_VERSION = 5.0;
				TARGETED_DEVICE_FAMILY = "1,2";
				TEST_TARGET_NAME = FruitMerge;
			};
			name = Debug;
		};
		B725AF902D5FF671002CA238 /* Release */ = {
			isa = XCBuildConfiguration;
			buildSettings = {
				CODE_SIGN_STYLE = Automatic;
				CURRENT_PROJECT_VERSION = 1;
				GENERATE_INFOPLIST_FILE = YES;
				MARKETING_VERSION = 1.0;
				PRODUCT_BUNDLE_IDENTIFIER = codedance.com.au.FruitMergeUITests;
				PRODUCT_NAME = "$(TARGET_NAME)";
				SWIFT_EMIT_LOC_STRINGS = NO;
				SWIFT_VERSION = 5.0;
				TARGETED_DEVICE_FAMILY = "1,2";
				TEST_TARGET_NAME = FruitMerge;
			};
			name = Release;
		};
/* End XCBuildConfiguration section */

/* Begin XCConfigurationList section */
		B725AF562D5FF66E002CA238 /* Build configuration list for PBXProject "FruitMerge" */ = {
			isa = XCConfigurationList;
			buildConfigurations = (
				B725AF862D5FF671002CA238 /* Debug */,
				B725AF872D5FF671002CA238 /* Release */,
			);
			defaultConfigurationIsVisible = 0;
			defaultConfigurationName = Release;
		};
		B725AF882D5FF671002CA238 /* Build configuration list for PBXNativeTarget "FruitMerge" */ = {
			isa = XCConfigurationList;
			buildConfigurations = (
				B725AF892D5FF671002CA238 /* Debug */,
				B725AF8A2D5FF671002CA238 /* Release */,
			);
			defaultConfigurationIsVisible = 0;
			defaultConfigurationName = Release;
		};
		B725AF8B2D5FF671002CA238 /* Build configuration list for PBXNativeTarget "FruitMergeTests" */ = {
			isa = XCConfigurationList;
			buildConfigurations = (
				B725AF8C2D5FF671002CA238 /* Debug */,
				B725AF8D2D5FF671002CA238 /* Release */,
			);
			defaultConfigurationIsVisible = 0;
			defaultConfigurationName = Release;
		};
		B725AF8E2D5FF671002CA238 /* Build configuration list for PBXNativeTarget "FruitMergeUITests" */ = {
			isa = XCConfigurationList;
			buildConfigurations = (
				B725AF8F2D5FF671002CA238 /* Debug */,
				B725AF902D5FF671002CA238 /* Release */,
			);
			defaultConfigurationIsVisible = 0;
			defaultConfigurationName = Release;
		};
/* End XCConfigurationList section */
	};
	rootObject = B725AF532D5FF66E002CA238 /* Project object */;
}
